
Microsoft Visual Studio Solution File, Format Version 12.00
# Visual Studio 15
VisualStudioVersion = 15.0.28010.2050
MinimumVisualStudioVersion = 10.0.40219.1
Project("{FAE04EC0-301F-11D3-BF4B-00C04F79EFBC}") = "SadegelCore", "SadegelCore\SadegelCore.csproj", "{A3F2C04B-29C6-4CEB-BDC0-5FBDD3C2D127}"
EndProject
Project("{FAE04EC0-301F-11D3-BF4B-00C04F79EFBC}") = "SadegelBot", "SadegelBot\SadegelBot.csproj", "{BC95A997-EF6B-407B-84D8-E0D21C7204F1}"
EndProject
Project("{FAE04EC0-301F-11D3-BF4B-00C04F79EFBC}") = "SadegelStock", "SadegelStock\SadegelStock.csproj", "{941F8B5B-BA1E-48E1-A5E8-D315A3795B8A}"
EndProject
Global
	GlobalSection(SolutionConfigurationPlatforms) = preSolution
		Debug|Any CPU = Debug|Any CPU
		Release|Any CPU = Release|Any CPU
	EndGlobalSection
	GlobalSection(ProjectConfigurationPlatforms) = postSolution
		{A3F2C04B-29C6-4CEB-BDC0-5FBDD3C2D127}.Debug|Any CPU.ActiveCfg = Debug|Any CPU
		{A3F2C04B-29C6-4CEB-BDC0-5FBDD3C2D127}.Debug|Any CPU.Build.0 = Debug|Any CPU
		{A3F2C04B-29C6-4CEB-BDC0-5FBDD3C2D127}.Release|Any CPU.ActiveCfg = Release|Any CPU
		{A3F2C04B-29C6-4CEB-BDC0-5FBDD3C2D127}.Release|Any CPU.Build.0 = Release|Any CPU
		{BC95A997-EF6B-407B-84D8-E0D21C7204F1}.Debug|Any CPU.ActiveCfg = Debug|Any CPU
		{BC95A997-EF6B-407B-84D8-E0D21C7204F1}.Debug|Any CPU.Build.0 = Debug|Any CPU
		{BC95A997-EF6B-407B-84D8-E0D21C7204F1}.Release|Any CPU.ActiveCfg = Release|Any CPU
		{BC95A997-EF6B-407B-84D8-E0D21C7204F1}.Release|Any CPU.Build.0 = Release|Any CPU
		{941F8B5B-BA1E-48E1-A5E8-D315A3795B8A}.Debug|Any CPU.ActiveCfg = Debug|Any CPU
		{941F8B5B-BA1E-48E1-A5E8-D315A3795B8A}.Debug|Any CPU.Build.0 = Debug|Any CPU
		{941F8B5B-BA1E-48E1-A5E8-D315A3795B8A}.Release|Any CPU.ActiveCfg = Release|Any CPU
		{941F8B5B-BA1E-48E1-A5E8-D315A3795B8A}.Release|Any CPU.Build.0 = Release|Any CPU
	EndGlobalSection
	GlobalSection(SolutionProperties) = preSolution
		HideSolutionNode = FALSE
	EndGlobalSection
	GlobalSection(ExtensibilityGlobals) = postSolution
		SolutionGuid = {2BF1EBA4-3D93-4835-A4E5-4AFF6F46D691}
	EndGlobalSection
EndGlobal
